
Microsoft Visual Studio Solution File, Format Version 12.00
# Visual Studio 15
VisualStudioVersion = 15.0.28307.1684
MinimumVisualStudioVersion = 10.0.40219.1
Project("{8BC9CEB8-8B4A-11D0-8D11-00A0C91BC942}") = "P19", "P19.vcxproj", "{A421D515-1155-4FBC-83DC-DF10A31185CF}"
EndProject
Global
	GlobalSection(SolutionConfigurationPlatforms) = preSolution
		Debug|x64 = Debug|x64
		Debug|x86 = Debug|x86
		Release|x64 = Release|x64
		Release|x86 = Release|x86
	EndGlobalSection
	GlobalSection(ProjectConfigurationPlatforms) = postSolution
		{A421D515-1155-4FBC-83DC-DF10A31185CF}.Debug|x64.ActiveCfg = Debug|x64
		{A421D515-1155-4FBC-83DC-DF10A31185CF}.Debug|x64.Build.0 = Debug|x64
		{A421D515-1155-4FBC-83DC-DF10A31185CF}.Debug|x86.ActiveCfg = Debug|Win32
		{A421D515-1155-4FBC-83DC-DF10A31185CF}.Debug|x86.Build.0 = Debug|Win32
		{A421D515-1155-4FBC-83DC-DF10A31185CF}.Release|x64.ActiveCfg = Release|x64
		{A421D515-1155-4FBC-83DC-DF10A31185CF}.Release|x64.Build.0 = Release|x64
		{A421D515-1155-4FBC-83DC-DF10A31185CF}.Release|x86.ActiveCfg = Release|Win32
		{A421D515-1155-4FBC-83DC-DF10A31185CF}.Release|x86.Build.0 = Release|Win32
	EndGlobalSection
	GlobalSection(SolutionProperties) = preSolution
		HideSolutionNode = FALSE
	EndGlobalSection
	GlobalSection(ExtensibilityGlobals) = postSolution
		SolutionGuid = {7EF77A78-7540-4F42-8500-78A0B9C02024}
	EndGlobalSection
EndGlobal
