
Microsoft Visual Studio Solution File, Format Version 12.00
# Visual Studio 15
VisualStudioVersion = 15.0.28307.1684
MinimumVisualStudioVersion = 10.0.40219.1
Project("{8BC9CEB8-8B4A-11D0-8D11-00A0C91BC942}") = "6.11", "6.11.vcxproj", "{C7D40C63-26AD-4A61-8261-DEE1391DF82B}"
EndProject
Global
	GlobalSection(SolutionConfigurationPlatforms) = preSolution
		Debug|x64 = Debug|x64
		Debug|x86 = Debug|x86
		Release|x64 = Release|x64
		Release|x86 = Release|x86
	EndGlobalSection
	GlobalSection(ProjectConfigurationPlatforms) = postSolution
		{C7D40C63-26AD-4A61-8261-DEE1391DF82B}.Debug|x64.ActiveCfg = Debug|x64
		{C7D40C63-26AD-4A61-8261-DEE1391DF82B}.Debug|x64.Build.0 = Debug|x64
		{C7D40C63-26AD-4A61-8261-DEE1391DF82B}.Debug|x86.ActiveCfg = Debug|Win32
		{C7D40C63-26AD-4A61-8261-DEE1391DF82B}.Debug|x86.Build.0 = Debug|Win32
		{C7D40C63-26AD-4A61-8261-DEE1391DF82B}.Release|x64.ActiveCfg = Release|x64
		{C7D40C63-26AD-4A61-8261-DEE1391DF82B}.Release|x64.Build.0 = Release|x64
		{C7D40C63-26AD-4A61-8261-DEE1391DF82B}.Release|x86.ActiveCfg = Release|Win32
		{C7D40C63-26AD-4A61-8261-DEE1391DF82B}.Release|x86.Build.0 = Release|Win32
	EndGlobalSection
	GlobalSection(SolutionProperties) = preSolution
		HideSolutionNode = FALSE
	EndGlobalSection
	GlobalSection(ExtensibilityGlobals) = postSolution
		SolutionGuid = {3E435CD3-54EE-45CA-A4BF-850F5D66EF39}
	EndGlobalSection
EndGlobal
